
Microsoft Visual Studio Solution File, Format Version 12.00
# Visual Studio Version 17
VisualStudioVersion = 17.12.35514.174 d17.12
MinimumVisualStudioVersion = 10.0.40219.1
Project("{FAE04EC0-301F-11D3-BF4B-00C04F79EFBC}") = "TransferCompressor.Server", "TransferCompressor.Server\TransferCompressor.Server.csproj", "{62C64C66-5188-4BE8-8E84-1462458349E8}"
EndProject
Project("{54A90642-561A-4BB1-A94E-469ADEE60C69}") = "transfercompressor.client", "transfercompressor.client\transfercompressor.client.esproj", "{77B94CD6-0FC5-4628-8387-E8948A47D769}"
EndProject
Global
	GlobalSection(SolutionConfigurationPlatforms) = preSolution
		Debug|Any CPU = Debug|Any CPU
		Release|Any CPU = Release|Any CPU
	EndGlobalSection
	GlobalSection(ProjectConfigurationPlatforms) = postSolution
		{62C64C66-5188-4BE8-8E84-1462458349E8}.Debug|Any CPU.ActiveCfg = Debug|Any CPU
		{62C64C66-5188-4BE8-8E84-1462458349E8}.Debug|Any CPU.Build.0 = Debug|Any CPU
		{62C64C66-5188-4BE8-8E84-1462458349E8}.Release|Any CPU.ActiveCfg = Release|Any CPU
		{62C64C66-5188-4BE8-8E84-1462458349E8}.Release|Any CPU.Build.0 = Release|Any CPU
		{77B94CD6-0FC5-4628-8387-E8948A47D769}.Debug|Any CPU.ActiveCfg = Debug|Any CPU
		{77B94CD6-0FC5-4628-8387-E8948A47D769}.Debug|Any CPU.Build.0 = Debug|Any CPU
		{77B94CD6-0FC5-4628-8387-E8948A47D769}.Debug|Any CPU.Deploy.0 = Debug|Any CPU
		{77B94CD6-0FC5-4628-8387-E8948A47D769}.Release|Any CPU.ActiveCfg = Release|Any CPU
		{77B94CD6-0FC5-4628-8387-E8948A47D769}.Release|Any CPU.Build.0 = Release|Any CPU
		{77B94CD6-0FC5-4628-8387-E8948A47D769}.Release|Any CPU.Deploy.0 = Release|Any CPU
	EndGlobalSection
	GlobalSection(SolutionProperties) = preSolution
		HideSolutionNode = FALSE
	EndGlobalSection
EndGlobal
